// !$*UTF8*$!
{
	archiveVersion = 1;
	classes = {
	};
	objectVersion = 46;
	objects = {

/* Begin PBXBuildFile section */
		9F0ED70D17CD332700555D3C /* libssl.a in Frameworks */ = {isa = PBXBuildFile; fileRef = 9F0ED70C17CD332700555D3C /* libssl.a */; };
		9F0ED71117CD335400555D3C /* libcrypto.a in Frameworks */ = {isa = PBXBuildFile; fileRef = 9F0ED71017CD335400555D3C /* libcrypto.a */; };
		9F23CBE7180B5EB300388D54 /* WhatAmIDoingConstants.m in Sources */ = {isa = PBXBuildFile; fileRef = 9F23CBE6180B5EB300388D54 /* WhatAmIDoingConstants.m */; };
		9F2719AC180B8C2100DA873E /* SendInvite.m in Sources */ = {isa = PBXBuildFile; fileRef = 9F2719AB180B8C2100DA873E /* SendInvite.m */; };
		9F35E60E18082CB200AD4F79 /* SenTestingKit.framework in Frameworks */ = {isa = PBXBuildFile; fileRef = 9F35E60D18082CB200AD4F79 /* SenTestingKit.framework */; };
		9F35E60F18082CB200AD4F79 /* UIKit.framework in Frameworks */ = {isa = PBXBuildFile; fileRef = 9FA787A417CB6F5500F0BD40 /* UIKit.framework */; };
		9F35E61018082CB200AD4F79 /* Foundation.framework in Frameworks */ = {isa = PBXBuildFile; fileRef = 9F96640317CB924A00C315A5 /* Foundation.framework */; };
		9F46FD1C1810092400382777 /* base64-decode.c in Sources */ = {isa = PBXBuildFile; fileRef = 9F46FD051810092400382777 /* base64-decode.c */; };
		9F46FD1D1810092400382777 /* BLAsyncMessageQueue.m in Sources */ = {isa = PBXBuildFile; fileRef = 9F46FD071810092400382777 /* BLAsyncMessageQueue.m */; };
		9F46FD1E1810092400382777 /* client-handshake.c in Sources */ = {isa = PBXBuildFile; fileRef = 9F46FD081810092400382777 /* client-handshake.c */; };
		9F46FD1F1810092400382777 /* client-parser.c in Sources */ = {isa = PBXBuildFile; fileRef = 9F46FD091810092400382777 /* client-parser.c */; };
		9F46FD201810092400382777 /* client.c in Sources */ = {isa = PBXBuildFile; fileRef = 9F46FD0A1810092400382777 /* client.c */; };
		9F46FD211810092400382777 /* daemonize.c in Sources */ = {isa = PBXBuildFile; fileRef = 9F46FD0B1810092400382777 /* daemonize.c */; };
		9F46FD221810092400382777 /* extension-deflate-frame.c in Sources */ = {isa = PBXBuildFile; fileRef = 9F46FD0C1810092400382777 /* extension-deflate-frame.c */; };
		9F46FD231810092400382777 /* extension-deflate-stream.c in Sources */ = {isa = PBXBuildFile; fileRef = 9F46FD0E1810092400382777 /* extension-deflate-stream.c */; };
		9F46FD241810092400382777 /* extension.c in Sources */ = {isa = PBXBuildFile; fileRef = 9F46FD101810092400382777 /* extension.c */; };
		9F46FD251810092400382777 /* getifaddrs.c in Sources */ = {isa = PBXBuildFile; fileRef = 9F46FD111810092400382777 /* getifaddrs.c */; };
		9F46FD261810092400382777 /* handshake.c in Sources */ = {isa = PBXBuildFile; fileRef = 9F46FD131810092400382777 /* handshake.c */; };
		9F46FD271810092400382777 /* libwebsockets.c in Sources */ = {isa = PBXBuildFile; fileRef = 9F46FD141810092400382777 /* libwebsockets.c */; };
		9F46FD281810092400382777 /* output.c in Sources */ = {isa = PBXBuildFile; fileRef = 9F46FD161810092400382777 /* output.c */; };
		9F46FD291810092400382777 /* parsers.c in Sources */ = {isa = PBXBuildFile; fileRef = 9F46FD171810092400382777 /* parsers.c */; };
		9F46FD2A1810092400382777 /* server-handshake.c in Sources */ = {isa = PBXBuildFile; fileRef = 9F46FD191810092400382777 /* server-handshake.c */; };
		9F46FD2B1810092400382777 /* server.c in Sources */ = {isa = PBXBuildFile; fileRef = 9F46FD1A1810092400382777 /* server.c */; };
		9F46FD2C1810092400382777 /* sha-1.c in Sources */ = {isa = PBXBuildFile; fileRef = 9F46FD1B1810092400382777 /* sha-1.c */; };
		9F52B00E17CB9449009B497E /* CoreImage.framework in Frameworks */ = {isa = PBXBuildFile; fileRef = 9F9663F117CB8EAE00C315A5 /* CoreImage.framework */; };
		9F52B00F17CB9462009B497E /* CoreVideo.framework in Frameworks */ = {isa = PBXBuildFile; fileRef = 9F9663F317CB8EB700C315A5 /* CoreVideo.framework */; };
		9F52B01517CB9495009B497E /* CoreMedia.framework in Frameworks */ = {isa = PBXBuildFile; fileRef = 9F52B01417CB9495009B497E /* CoreMedia.framework */; };
		9F58467F18016B8300CA74DA /* AuthenticationToken.m in Sources */ = {isa = PBXBuildFile; fileRef = 9F58467E18016B8300CA74DA /* AuthenticationToken.m */; };
		9F584681180276E700CA74DA /* whatAmIdoing.plist in Resources */ = {isa = PBXBuildFile; fileRef = 9F584680180276E700CA74DA /* whatAmIdoing.plist */; };
		9F5846841802B35400CA74DA /* PropertyAccessor.m in Sources */ = {isa = PBXBuildFile; fileRef = 9F5846831802B35300CA74DA /* PropertyAccessor.m */; };
		9F61715F1812C30200EC1A84 /* NSLinkedList.m in Sources */ = {isa = PBXBuildFile; fileRef = 9F61715E1812C30200EC1A84 /* NSLinkedList.m */; };
		9F6D973317CB9BEF003F0703 /* CFNetwork.framework in Frameworks */ = {isa = PBXBuildFile; fileRef = 9F6D973217CB9BEF003F0703 /* CFNetwork.framework */; };
		9F6D973517CB9C27003F0703 /* Security.framework in Frameworks */ = {isa = PBXBuildFile; fileRef = 9F6D973417CB9C27003F0703 /* Security.framework */; };
		9F6D973717CB9C43003F0703 /* libicucore.dylib in Frameworks */ = {isa = PBXBuildFile; fileRef = 9F6D973617CB9C43003F0703 /* libicucore.dylib */; };
		9F9663EE17CB8A2800C315A5 /* opencv2.framework in Frameworks */ = {isa = PBXBuildFile; fileRef = 9F9663ED17CB8A2800C315A5 /* opencv2.framework */; };
		9F9663F017CB8E9700C315A5 /* Accelerate.framework in Frameworks */ = {isa = PBXBuildFile; fileRef = 9F9663EF17CB8E9700C315A5 /* Accelerate.framework */; };
		9F9663FC17CB922300C315A5 /* QuartzCore.framework in Frameworks */ = {isa = PBXBuildFile; fileRef = 9F9663FB17CB922300C315A5 /* QuartzCore.framework */; };
		9F96640617CB925200C315A5 /* CoreGraphics.framework in Frameworks */ = {isa = PBXBuildFile; fileRef = 9F96640517CB925200C315A5 /* CoreGraphics.framework */; };
		9F9D69B3181736110020226A /* Default-568h@2x.png in Resources */ = {isa = PBXBuildFile; fileRef = 9F9D69AD181736110020226A /* Default-568h@2x.png */; };
		9F9D69B4181736110020226A /* Default.png in Resources */ = {isa = PBXBuildFile; fileRef = 9F9D69AE181736110020226A /* Default.png */; };
		9F9D69B5181736110020226A /* Default@2x.png in Resources */ = {isa = PBXBuildFile; fileRef = 9F9D69AF181736110020226A /* Default@2x.png */; };
		9F9D69B6181736110020226A /* icon-57.png in Resources */ = {isa = PBXBuildFile; fileRef = 9F9D69B0181736110020226A /* icon-57.png */; };
		9F9D69B7181736110020226A /* icon-76.png in Resources */ = {isa = PBXBuildFile; fileRef = 9F9D69B1181736110020226A /* icon-76.png */; };
		9F9D69B8181736110020226A /* icon-152.png in Resources */ = {isa = PBXBuildFile; fileRef = 9F9D69B2181736110020226A /* icon-152.png */; };
		9FA5382D180C183700500272 /* Logout.m in Sources */ = {isa = PBXBuildFile; fileRef = 9FA5382C180C183700500272 /* Logout.m */; };
		9FA5384F180C56D000500272 /* InviteEmailList.m in Sources */ = {isa = PBXBuildFile; fileRef = 9FA5384E180C56D000500272 /* InviteEmailList.m */; };
		9FA53852180C743800500272 /* InvitePickerDelegate.m in Sources */ = {isa = PBXBuildFile; fileRef = 9FA53851180C743800500272 /* InvitePickerDelegate.m */; };
		9FA53858180C79D000500272 /* InvitePickerDataSource.m in Sources */ = {isa = PBXBuildFile; fileRef = 9FA53857180C79D000500272 /* InvitePickerDataSource.m */; };
		9FA53867180C9C2000500272 /* AbstractActionSheetPicker.m in Sources */ = {isa = PBXBuildFile; fileRef = 9FA5385B180C9C2000500272 /* AbstractActionSheetPicker.m */; };
		9FA53868180C9C2000500272 /* ActionSheetCustomPicker.m in Sources */ = {isa = PBXBuildFile; fileRef = 9FA5385D180C9C2000500272 /* ActionSheetCustomPicker.m */; };
		9FA53869180C9C2000500272 /* ActionSheetDatePicker.m in Sources */ = {isa = PBXBuildFile; fileRef = 9FA53860180C9C2000500272 /* ActionSheetDatePicker.m */; };
		9FA5386A180C9C2000500272 /* ActionSheetDistancePicker.m in Sources */ = {isa = PBXBuildFile; fileRef = 9FA53862180C9C2000500272 /* ActionSheetDistancePicker.m */; };
		9FA5386B180C9C2000500272 /* ActionSheetStringPicker.m in Sources */ = {isa = PBXBuildFile; fileRef = 9FA53864180C9C2000500272 /* ActionSheetStringPicker.m */; };
		9FA5386C180C9C2000500272 /* DistancePickerView.m in Sources */ = {isa = PBXBuildFile; fileRef = 9FA53866180C9C2000500272 /* DistancePickerView.m */; };
		9FA53884180D59B600500272 /* CoreData.framework in Frameworks */ = {isa = PBXBuildFile; fileRef = 9FB1B8A51800E20200E3ACBA /* CoreData.framework */; };
		9FA787A517CB6F5500F0BD40 /* UIKit.framework in Frameworks */ = {isa = PBXBuildFile; fileRef = 9FA787A417CB6F5500F0BD40 /* UIKit.framework */; };
		9FA787A717CB6F5500F0BD40 /* Foundation.framework in Frameworks */ = {isa = PBXBuildFile; fileRef = 9FA787A617CB6F5500F0BD40 /* Foundation.framework */; };
		9FA787AF17CB6F5500F0BD40 /* InfoPlist.strings in Resources */ = {isa = PBXBuildFile; fileRef = 9FA787AD17CB6F5500F0BD40 /* InfoPlist.strings */; };
		9FA787B117CB6F5500F0BD40 /* main.m in Sources */ = {isa = PBXBuildFile; fileRef = 9FA787B017CB6F5500F0BD40 /* main.m */; };
		9FA787B517CB6F5500F0BD40 /* WhatAmIDoingAppDelegate.m in Sources */ = {isa = PBXBuildFile; fileRef = 9FA787B417CB6F5500F0BD40 /* WhatAmIDoingAppDelegate.m */; };
		9FA787BE17CB6F5500F0BD40 /* MainStoryboard_iPhone.storyboard in Resources */ = {isa = PBXBuildFile; fileRef = 9FA787BC17CB6F5500F0BD40 /* MainStoryboard_iPhone.storyboard */; };
		9FA787C417CB6F5600F0BD40 /* WhatAmIDoingViewController.m in Sources */ = {isa = PBXBuildFile; fileRef = 9FA787C317CB6F5600F0BD40 /* WhatAmIDoingViewController.m */; };
		9FA787CB17CB6FB000F0BD40 /* AssetsLibrary.framework in Frameworks */ = {isa = PBXBuildFile; fileRef = 9FA787CA17CB6FB000F0BD40 /* AssetsLibrary.framework */; };
		9FA787CD17CB6FB800F0BD40 /* AVFoundation.framework in Frameworks */ = {isa = PBXBuildFile; fileRef = 9FA787CC17CB6FB800F0BD40 /* AVFoundation.framework */; };
		9FA787CF17CB6FD100F0BD40 /* MediaPlayer.framework in Frameworks */ = {isa = PBXBuildFile; fileRef = 9FA787CE17CB6FD100F0BD40 /* MediaPlayer.framework */; };
		9FA787D117CB6FDA00F0BD40 /* MobileCoreServices.framework in Frameworks */ = {isa = PBXBuildFile; fileRef = 9FA787D017CB6FDA00F0BD40 /* MobileCoreServices.framework */; };
		9FA787E417CB757700F0BD40 /* RecordVideoViewController.m in Sources */ = {isa = PBXBuildFile; fileRef = 9FA787E317CB757700F0BD40 /* RecordVideoViewController.m */; };
		9FAB640C1810C3C40094A628 /* SBJsonParser.m in Sources */ = {isa = PBXBuildFile; fileRef = 9FAB63F91810C3C40094A628 /* SBJsonParser.m */; };
		9FAB640D1810C3C40094A628 /* SBJsonStreamParser.m in Sources */ = {isa = PBXBuildFile; fileRef = 9FAB63FB1810C3C40094A628 /* SBJsonStreamParser.m */; };
		9FAB640E1810C3C40094A628 /* SBJsonStreamParserAccumulator.m in Sources */ = {isa = PBXBuildFile; fileRef = 9FAB63FD1810C3C40094A628 /* SBJsonStreamParserAccumulator.m */; };
		9FAB640F1810C3C40094A628 /* SBJsonStreamParserAdapter.m in Sources */ = {isa = PBXBuildFile; fileRef = 9FAB63FF1810C3C40094A628 /* SBJsonStreamParserAdapter.m */; };
		9FAB64101810C3C40094A628 /* SBJsonStreamParserState.m in Sources */ = {isa = PBXBuildFile; fileRef = 9FAB64011810C3C40094A628 /* SBJsonStreamParserState.m */; };
		9FAB64111810C3C40094A628 /* SBJsonStreamTokeniser.m in Sources */ = {isa = PBXBuildFile; fileRef = 9FAB64031810C3C40094A628 /* SBJsonStreamTokeniser.m */; };
		9FAB64121810C3C40094A628 /* SBJsonStreamWriter.m in Sources */ = {isa = PBXBuildFile; fileRef = 9FAB64051810C3C40094A628 /* SBJsonStreamWriter.m */; };
		9FAB64131810C3C40094A628 /* SBJsonStreamWriterAccumulator.m in Sources */ = {isa = PBXBuildFile; fileRef = 9FAB64071810C3C40094A628 /* SBJsonStreamWriterAccumulator.m */; };
		9FAB64141810C3C40094A628 /* SBJsonStreamWriterState.m in Sources */ = {isa = PBXBuildFile; fileRef = 9FAB64091810C3C40094A628 /* SBJsonStreamWriterState.m */; };
		9FAB64151810C3C40094A628 /* SBJsonWriter.m in Sources */ = {isa = PBXBuildFile; fileRef = 9FAB640B1810C3C40094A628 /* SBJsonWriter.m */; };
		9FAB64181810E13A0094A628 /* NSData+Base64.m in Sources */ = {isa = PBXBuildFile; fileRef = 9FAB64171810E13A0094A628 /* NSData+Base64.m */; };
		9FB1B8EE1801685000E3ACBA /* WhatAmIdoing.xcdatamodeld in Sources */ = {isa = PBXBuildFile; fileRef = 9FB1B8EC1801685000E3ACBA /* WhatAmIdoing.xcdatamodeld */; };
		9FBFE9951816060700D32FE2 /* Images.xcassets in Resources */ = {isa = PBXBuildFile; fileRef = 9FBFE9941816060700D32FE2 /* Images.xcassets */; };
		9FDED6E8181025DF00916FC1 /* WhatAmIDoingWebSocket.m in Sources */ = {isa = PBXBuildFile; fileRef = 9FDED6E7181025DF00916FC1 /* WhatAmIDoingWebSocket.m */; };
		9FE43DC518153E2500E6DD22 /* FrameReader.mm in Sources */ = {isa = PBXBuildFile; fileRef = 9FE43DC418153E2500E6DD22 /* FrameReader.mm */; };
/* End PBXBuildFile section */

/* Begin PBXFileReference section */
		9F0ED70C17CD332700555D3C /* libssl.a */ = {isa = PBXFileReference; lastKnownFileType = archive.ar; name = libssl.a; path = lib/libssl.a; sourceTree = "<group>"; };
		9F0ED71017CD335400555D3C /* libcrypto.a */ = {isa = PBXFileReference; lastKnownFileType = archive.ar; name = libcrypto.a; path = lib/libcrypto.a; sourceTree = "<group>"; };
		9F23CBE5180B5EB300388D54 /* WhatAmIDoingConstants.h */ = {isa = PBXFileReference; fileEncoding = 4; lastKnownFileType = sourcecode.c.h; path = WhatAmIDoingConstants.h; sourceTree = "<group>"; };
		9F23CBE6180B5EB300388D54 /* WhatAmIDoingConstants.m */ = {isa = PBXFileReference; fileEncoding = 4; lastKnownFileType = sourcecode.c.objc; path = WhatAmIDoingConstants.m; sourceTree = "<group>"; };
		9F2719AA180B8C2100DA873E /* SendInvite.h */ = {isa = PBXFileReference; fileEncoding = 4; lastKnownFileType = sourcecode.c.h; path = SendInvite.h; sourceTree = "<group>"; };
		9F2719AB180B8C2100DA873E /* SendInvite.m */ = {isa = PBXFileReference; fileEncoding = 4; lastKnownFileType = sourcecode.c.objc; path = SendInvite.m; sourceTree = "<group>"; };
		9F35E60C18082CB200AD4F79 /* ThisIsWhatIamDoing.octest */ = {isa = PBXFileReference; explicitFileType = wrapper.cfbundle; includeInIndex = 0; path = ThisIsWhatIamDoing.octest; sourceTree = BUILT_PRODUCTS_DIR; };
		9F35E60D18082CB200AD4F79 /* SenTestingKit.framework */ = {isa = PBXFileReference; lastKnownFileType = wrapper.framework; name = SenTestingKit.framework; path = Library/Frameworks/SenTestingKit.framework; sourceTree = DEVELOPER_DIR; };
		9F46FD021810054200382777 /* libwebsockets.a */ = {isa = PBXFileReference; lastKnownFileType = archive.ar; name = libwebsockets.a; path = lib/libwebsockets.a; sourceTree = "<group>"; };
		9F46FD051810092400382777 /* base64-decode.c */ = {isa = PBXFileReference; fileEncoding = 4; lastKnownFileType = sourcecode.c.c; path = "base64-decode.c"; sourceTree = "<group>"; };
		9F46FD061810092400382777 /* BLAsyncMessageQueue.h */ = {isa = PBXFileReference; fileEncoding = 4; lastKnownFileType = sourcecode.c.h; path = BLAsyncMessageQueue.h; sourceTree = "<group>"; };
		9F46FD071810092400382777 /* BLAsyncMessageQueue.m */ = {isa = PBXFileReference; fileEncoding = 4; lastKnownFileType = sourcecode.c.objc; path = BLAsyncMessageQueue.m; sourceTree = "<group>"; };
		9F46FD081810092400382777 /* client-handshake.c */ = {isa = PBXFileReference; fileEncoding = 4; lastKnownFileType = sourcecode.c.c; path = "client-handshake.c"; sourceTree = "<group>"; };
		9F46FD091810092400382777 /* client-parser.c */ = {isa = PBXFileReference; fileEncoding = 4; lastKnownFileType = sourcecode.c.c; path = "client-parser.c"; sourceTree = "<group>"; };
		9F46FD0A1810092400382777 /* client.c */ = {isa = PBXFileReference; fileEncoding = 4; lastKnownFileType = sourcecode.c.c; path = client.c; sourceTree = "<group>"; };
		9F46FD0B1810092400382777 /* daemonize.c */ = {isa = PBXFileReference; fileEncoding = 4; lastKnownFileType = sourcecode.c.c; path = daemonize.c; sourceTree = "<group>"; };
		9F46FD0C1810092400382777 /* extension-deflate-frame.c */ = {isa = PBXFileReference; fileEncoding = 4; lastKnownFileType = sourcecode.c.c; path = "extension-deflate-frame.c"; sourceTree = "<group>"; };
		9F46FD0D1810092400382777 /* extension-deflate-frame.h */ = {isa = PBXFileReference; fileEncoding = 4; lastKnownFileType = sourcecode.c.h; path = "extension-deflate-frame.h"; sourceTree = "<group>"; };
		9F46FD0E1810092400382777 /* extension-deflate-stream.c */ = {isa = PBXFileReference; fileEncoding = 4; lastKnownFileType = sourcecode.c.c; path = "extension-deflate-stream.c"; sourceTree = "<group>"; };
		9F46FD0F1810092400382777 /* extension-deflate-stream.h */ = {isa = PBXFileReference; fileEncoding = 4; lastKnownFileType = sourcecode.c.h; path = "extension-deflate-stream.h"; sourceTree = "<group>"; };
		9F46FD101810092400382777 /* extension.c */ = {isa = PBXFileReference; fileEncoding = 4; lastKnownFileType = sourcecode.c.c; path = extension.c; sourceTree = "<group>"; };
		9F46FD111810092400382777 /* getifaddrs.c */ = {isa = PBXFileReference; fileEncoding = 4; lastKnownFileType = sourcecode.c.c; path = getifaddrs.c; sourceTree = "<group>"; };
		9F46FD121810092400382777 /* getifaddrs.h */ = {isa = PBXFileReference; fileEncoding = 4; lastKnownFileType = sourcecode.c.h; path = getifaddrs.h; sourceTree = "<group>"; };
		9F46FD131810092400382777 /* handshake.c */ = {isa = PBXFileReference; fileEncoding = 4; lastKnownFileType = sourcecode.c.c; path = handshake.c; sourceTree = "<group>"; };
		9F46FD141810092400382777 /* libwebsockets.c */ = {isa = PBXFileReference; fileEncoding = 4; lastKnownFileType = sourcecode.c.c; path = libwebsockets.c; sourceTree = "<group>"; };
		9F46FD151810092400382777 /* libwebsockets.h */ = {isa = PBXFileReference; fileEncoding = 4; lastKnownFileType = sourcecode.c.h; path = libwebsockets.h; sourceTree = "<group>"; };
		9F46FD161810092400382777 /* output.c */ = {isa = PBXFileReference; fileEncoding = 4; lastKnownFileType = sourcecode.c.c; path = output.c; sourceTree = "<group>"; };
		9F46FD171810092400382777 /* parsers.c */ = {isa = PBXFileReference; fileEncoding = 4; lastKnownFileType = sourcecode.c.c; path = parsers.c; sourceTree = "<group>"; };
		9F46FD181810092400382777 /* private-libwebsockets.h */ = {isa = PBXFileReference; fileEncoding = 4; lastKnownFileType = sourcecode.c.h; path = "private-libwebsockets.h"; sourceTree = "<group>"; };
		9F46FD191810092400382777 /* server-handshake.c */ = {isa = PBXFileReference; fileEncoding = 4; lastKnownFileType = sourcecode.c.c; path = "server-handshake.c"; sourceTree = "<group>"; };
		9F46FD1A1810092400382777 /* server.c */ = {isa = PBXFileReference; fileEncoding = 4; lastKnownFileType = sourcecode.c.c; path = server.c; sourceTree = "<group>"; };
		9F46FD1B1810092400382777 /* sha-1.c */ = {isa = PBXFileReference; fileEncoding = 4; lastKnownFileType = sourcecode.c.c; path = "sha-1.c"; sourceTree = "<group>"; };
		9F52B01017CB946B009B497E /* CoreVideo.framework */ = {isa = PBXFileReference; lastKnownFileType = wrapper.framework; name = CoreVideo.framework; path = System/Library/Frameworks/CoreVideo.framework; sourceTree = SDKROOT; };
		9F52B01217CB9472009B497E /* CoreImage.framework */ = {isa = PBXFileReference; lastKnownFileType = wrapper.framework; name = CoreImage.framework; path = System/Library/Frameworks/CoreImage.framework; sourceTree = SDKROOT; };
		9F52B01417CB9495009B497E /* CoreMedia.framework */ = {isa = PBXFileReference; lastKnownFileType = wrapper.framework; name = CoreMedia.framework; path = System/Library/Frameworks/CoreMedia.framework; sourceTree = SDKROOT; };
		9F52B01617CB949E009B497E /* CoreMedia.framework */ = {isa = PBXFileReference; lastKnownFileType = wrapper.framework; name = CoreMedia.framework; path = System/Library/Frameworks/CoreMedia.framework; sourceTree = SDKROOT; };
		9F58467D18016B6D00CA74DA /* AuthenticationToken.h */ = {isa = PBXFileReference; lastKnownFileType = sourcecode.c.h; path = AuthenticationToken.h; sourceTree = "<group>"; };
		9F58467E18016B8300CA74DA /* AuthenticationToken.m */ = {isa = PBXFileReference; fileEncoding = 4; lastKnownFileType = sourcecode.c.objc; path = AuthenticationToken.m; sourceTree = "<group>"; };
		9F584680180276E700CA74DA /* whatAmIdoing.plist */ = {isa = PBXFileReference; fileEncoding = 4; lastKnownFileType = text.plist.xml; path = whatAmIdoing.plist; sourceTree = "<group>"; };
		9F5846821802B35300CA74DA /* PropertyAccessor.h */ = {isa = PBXFileReference; fileEncoding = 4; lastKnownFileType = sourcecode.c.h; path = PropertyAccessor.h; sourceTree = "<group>"; };
		9F5846831802B35300CA74DA /* PropertyAccessor.m */ = {isa = PBXFileReference; fileEncoding = 4; lastKnownFileType = sourcecode.c.objc; path = PropertyAccessor.m; sourceTree = "<group>"; };
		9F61715D1812C30200EC1A84 /* NSLinkedList.h */ = {isa = PBXFileReference; fileEncoding = 4; lastKnownFileType = sourcecode.c.h; path = NSLinkedList.h; sourceTree = "<group>"; };
		9F61715E1812C30200EC1A84 /* NSLinkedList.m */ = {isa = PBXFileReference; fileEncoding = 4; lastKnownFileType = sourcecode.c.objc; path = NSLinkedList.m; sourceTree = "<group>"; };
		9F6D973217CB9BEF003F0703 /* CFNetwork.framework */ = {isa = PBXFileReference; lastKnownFileType = wrapper.framework; name = CFNetwork.framework; path = System/Library/Frameworks/CFNetwork.framework; sourceTree = SDKROOT; };
		9F6D973417CB9C27003F0703 /* Security.framework */ = {isa = PBXFileReference; lastKnownFileType = wrapper.framework; name = Security.framework; path = System/Library/Frameworks/Security.framework; sourceTree = SDKROOT; };
		9F6D973617CB9C43003F0703 /* libicucore.dylib */ = {isa = PBXFileReference; lastKnownFileType = "compiled.mach-o.dylib"; name = libicucore.dylib; path = usr/lib/libicucore.dylib; sourceTree = SDKROOT; };
		9F9663ED17CB8A2800C315A5 /* opencv2.framework */ = {isa = PBXFileReference; lastKnownFileType = wrapper.framework; name = opencv2.framework; path = ../../../software/opencvframework/opencv2.framework; sourceTree = "<group>"; };
		9F9663EF17CB8E9700C315A5 /* Accelerate.framework */ = {isa = PBXFileReference; lastKnownFileType = wrapper.framework; name = Accelerate.framework; path = System/Library/Frameworks/Accelerate.framework; sourceTree = SDKROOT; };
		9F9663F117CB8EAE00C315A5 /* CoreImage.framework */ = {isa = PBXFileReference; lastKnownFileType = wrapper.framework; name = CoreImage.framework; path = System/Library/Frameworks/CoreImage.framework; sourceTree = SDKROOT; };
		9F9663F317CB8EB700C315A5 /* CoreVideo.framework */ = {isa = PBXFileReference; lastKnownFileType = wrapper.framework; name = CoreVideo.framework; path = System/Library/Frameworks/CoreVideo.framework; sourceTree = SDKROOT; };
		9F9663F917CB921800C315A5 /* Accelerate.framework */ = {isa = PBXFileReference; lastKnownFileType = wrapper.framework; name = Accelerate.framework; path = System/Library/Frameworks/Accelerate.framework; sourceTree = SDKROOT; };
		9F9663FB17CB922300C315A5 /* QuartzCore.framework */ = {isa = PBXFileReference; lastKnownFileType = wrapper.framework; name = QuartzCore.framework; path = System/Library/Frameworks/QuartzCore.framework; sourceTree = SDKROOT; };
		9F9663FD17CB922C00C315A5 /* MobileCoreServices.framework */ = {isa = PBXFileReference; lastKnownFileType = wrapper.framework; name = MobileCoreServices.framework; path = System/Library/Frameworks/MobileCoreServices.framework; sourceTree = SDKROOT; };
		9F9663FF17CB923500C315A5 /* AVFoundation.framework */ = {isa = PBXFileReference; lastKnownFileType = wrapper.framework; name = AVFoundation.framework; path = System/Library/Frameworks/AVFoundation.framework; sourceTree = SDKROOT; };
		9F96640117CB923C00C315A5 /* AssetsLibrary.framework */ = {isa = PBXFileReference; lastKnownFileType = wrapper.framework; name = AssetsLibrary.framework; path = System/Library/Frameworks/AssetsLibrary.framework; sourceTree = SDKROOT; };
		9F96640317CB924A00C315A5 /* Foundation.framework */ = {isa = PBXFileReference; lastKnownFileType = wrapper.framework; name = Foundation.framework; path = System/Library/Frameworks/Foundation.framework; sourceTree = SDKROOT; };
		9F96640517CB925200C315A5 /* CoreGraphics.framework */ = {isa = PBXFileReference; lastKnownFileType = wrapper.framework; name = CoreGraphics.framework; path = System/Library/Frameworks/CoreGraphics.framework; sourceTree = SDKROOT; };
		9F9D69AD181736110020226A /* Default-568h@2x.png */ = {isa = PBXFileReference; lastKnownFileType = image.png; path = "Default-568h@2x.png"; sourceTree = "<group>"; };
		9F9D69AE181736110020226A /* Default.png */ = {isa = PBXFileReference; lastKnownFileType = image.png; path = Default.png; sourceTree = "<group>"; };
		9F9D69AF181736110020226A /* Default@2x.png */ = {isa = PBXFileReference; lastKnownFileType = image.png; path = "Default@2x.png"; sourceTree = "<group>"; };
		9F9D69B0181736110020226A /* icon-57.png */ = {isa = PBXFileReference; lastKnownFileType = image.png; path = "icon-57.png"; sourceTree = "<group>"; };
		9F9D69B1181736110020226A /* icon-76.png */ = {isa = PBXFileReference; lastKnownFileType = image.png; path = "icon-76.png"; sourceTree = "<group>"; };
		9F9D69B2181736110020226A /* icon-152.png */ = {isa = PBXFileReference; lastKnownFileType = image.png; path = "icon-152.png"; sourceTree = "<group>"; };
		9FA5382B180C183700500272 /* Logout.h */ = {isa = PBXFileReference; fileEncoding = 4; lastKnownFileType = sourcecode.c.h; path = Logout.h; sourceTree = "<group>"; };
		9FA5382C180C183700500272 /* Logout.m */ = {isa = PBXFileReference; fileEncoding = 4; lastKnownFileType = sourcecode.c.objc; path = Logout.m; sourceTree = "<group>"; };
		9FA5384D180C56D000500272 /* InviteEmailList.h */ = {isa = PBXFileReference; fileEncoding = 4; lastKnownFileType = sourcecode.c.h; path = InviteEmailList.h; sourceTree = "<group>"; };
		9FA5384E180C56D000500272 /* InviteEmailList.m */ = {isa = PBXFileReference; fileEncoding = 4; lastKnownFileType = sourcecode.c.objc; path = InviteEmailList.m; sourceTree = "<group>"; };
		9FA53850180C743800500272 /* InvitePickerDelegate.h */ = {isa = PBXFileReference; fileEncoding = 4; lastKnownFileType = sourcecode.c.h; path = InvitePickerDelegate.h; sourceTree = "<group>"; };
		9FA53851180C743800500272 /* InvitePickerDelegate.m */ = {isa = PBXFileReference; fileEncoding = 4; lastKnownFileType = sourcecode.c.objc; path = InvitePickerDelegate.m; sourceTree = "<group>"; };
		9FA53856180C79D000500272 /* InvitePickerDataSource.h */ = {isa = PBXFileReference; fileEncoding = 4; lastKnownFileType = sourcecode.c.h; path = InvitePickerDataSource.h; sourceTree = "<group>"; };
		9FA53857180C79D000500272 /* InvitePickerDataSource.m */ = {isa = PBXFileReference; fileEncoding = 4; lastKnownFileType = sourcecode.c.objc; path = InvitePickerDataSource.m; sourceTree = "<group>"; };
		9FA5385A180C9C2000500272 /* AbstractActionSheetPicker.h */ = {isa = PBXFileReference; fileEncoding = 4; lastKnownFileType = sourcecode.c.h; path = AbstractActionSheetPicker.h; sourceTree = "<group>"; };
		9FA5385B180C9C2000500272 /* AbstractActionSheetPicker.m */ = {isa = PBXFileReference; fileEncoding = 4; lastKnownFileType = sourcecode.c.objc; path = AbstractActionSheetPicker.m; sourceTree = "<group>"; };
		9FA5385C180C9C2000500272 /* ActionSheetCustomPicker.h */ = {isa = PBXFileReference; fileEncoding = 4; lastKnownFileType = sourcecode.c.h; path = ActionSheetCustomPicker.h; sourceTree = "<group>"; };
		9FA5385D180C9C2000500272 /* ActionSheetCustomPicker.m */ = {isa = PBXFileReference; fileEncoding = 4; lastKnownFileType = sourcecode.c.objc; path = ActionSheetCustomPicker.m; sourceTree = "<group>"; };
		9FA5385E180C9C2000500272 /* ActionSheetCustomPickerDelegate.h */ = {isa = PBXFileReference; fileEncoding = 4; lastKnownFileType = sourcecode.c.h; path = ActionSheetCustomPickerDelegate.h; sourceTree = "<group>"; };
		9FA5385F180C9C2000500272 /* ActionSheetDatePicker.h */ = {isa = PBXFileReference; fileEncoding = 4; lastKnownFileType = sourcecode.c.h; path = ActionSheetDatePicker.h; sourceTree = "<group>"; };
		9FA53860180C9C2000500272 /* ActionSheetDatePicker.m */ = {isa = PBXFileReference; fileEncoding = 4; lastKnownFileType = sourcecode.c.objc; path = ActionSheetDatePicker.m; sourceTree = "<group>"; };
		9FA53861180C9C2000500272 /* ActionSheetDistancePicker.h */ = {isa = PBXFileReference; fileEncoding = 4; lastKnownFileType = sourcecode.c.h; path = ActionSheetDistancePicker.h; sourceTree = "<group>"; };
		9FA53862180C9C2000500272 /* ActionSheetDistancePicker.m */ = {isa = PBXFileReference; fileEncoding = 4; lastKnownFileType = sourcecode.c.objc; path = ActionSheetDistancePicker.m; sourceTree = "<group>"; };
		9FA53863180C9C2000500272 /* ActionSheetStringPicker.h */ = {isa = PBXFileReference; fileEncoding = 4; lastKnownFileType = sourcecode.c.h; path = ActionSheetStringPicker.h; sourceTree = "<group>"; };
		9FA53864180C9C2000500272 /* ActionSheetStringPicker.m */ = {isa = PBXFileReference; fileEncoding = 4; lastKnownFileType = sourcecode.c.objc; path = ActionSheetStringPicker.m; sourceTree = "<group>"; };
		9FA53865180C9C2000500272 /* DistancePickerView.h */ = {isa = PBXFileReference; fileEncoding = 4; lastKnownFileType = sourcecode.c.h; path = DistancePickerView.h; sourceTree = "<group>"; };
		9FA53866180C9C2000500272 /* DistancePickerView.m */ = {isa = PBXFileReference; fileEncoding = 4; lastKnownFileType = sourcecode.c.objc; path = DistancePickerView.m; sourceTree = "<group>"; };
		9FA5386D180C9C3400500272 /* ActionSheetPicker.h */ = {isa = PBXFileReference; lastKnownFileType = sourcecode.c.h; path = ActionSheetPicker.h; sourceTree = "<group>"; };
		9FA53871180D4EDF00500272 /* libUnittWebSocketClient.a */ = {isa = PBXFileReference; lastKnownFileType = archive.ar; name = libUnittWebSocketClient.a; path = lib/libUnittWebSocketClient.a; sourceTree = "<group>"; };
		9FA787A117CB6F5500F0BD40 /* VideoPlayRecord.app */ = {isa = PBXFileReference; explicitFileType = wrapper.application; includeInIndex = 0; path = VideoPlayRecord.app; sourceTree = BUILT_PRODUCTS_DIR; };
		9FA787A417CB6F5500F0BD40 /* UIKit.framework */ = {isa = PBXFileReference; lastKnownFileType = wrapper.framework; name = UIKit.framework; path = System/Library/Frameworks/UIKit.framework; sourceTree = SDKROOT; };
		9FA787A617CB6F5500F0BD40 /* Foundation.framework */ = {isa = PBXFileReference; lastKnownFileType = wrapper.framework; name = Foundation.framework; path = System/Library/Frameworks/Foundation.framework; sourceTree = SDKROOT; };
		9FA787A817CB6F5500F0BD40 /* CoreGraphics.framework */ = {isa = PBXFileReference; lastKnownFileType = wrapper.framework; name = CoreGraphics.framework; path = System/Library/Frameworks/CoreGraphics.framework; sourceTree = SDKROOT; };
		9FA787AC17CB6F5500F0BD40 /* VideoPlayRecord-Info.plist */ = {isa = PBXFileReference; lastKnownFileType = text.plist.xml; path = "VideoPlayRecord-Info.plist"; sourceTree = "<group>"; };
		9FA787AE17CB6F5500F0BD40 /* en */ = {isa = PBXFileReference; lastKnownFileType = text.plist.strings; name = en; path = en.lproj/InfoPlist.strings; sourceTree = "<group>"; };
		9FA787B017CB6F5500F0BD40 /* main.m */ = {isa = PBXFileReference; lastKnownFileType = sourcecode.c.objc; path = main.m; sourceTree = "<group>"; };
		9FA787B217CB6F5500F0BD40 /* VideoPlayRecord-Prefix.pch */ = {isa = PBXFileReference; lastKnownFileType = sourcecode.c.h; path = "VideoPlayRecord-Prefix.pch"; sourceTree = "<group>"; };
		9FA787B317CB6F5500F0BD40 /* WhatAmIDoingAppDelegate.h */ = {isa = PBXFileReference; lastKnownFileType = sourcecode.c.h; path = WhatAmIDoingAppDelegate.h; sourceTree = "<group>"; };
		9FA787B417CB6F5500F0BD40 /* WhatAmIDoingAppDelegate.m */ = {isa = PBXFileReference; lastKnownFileType = sourcecode.c.objc; path = WhatAmIDoingAppDelegate.m; sourceTree = "<group>"; };
		9FA787BD17CB6F5500F0BD40 /* en */ = {isa = PBXFileReference; lastKnownFileType = file.storyboard; name = en; path = en.lproj/MainStoryboard_iPhone.storyboard; sourceTree = "<group>"; };
		9FA787C217CB6F5600F0BD40 /* WhatAmIDoingViewController.h */ = {isa = PBXFileReference; lastKnownFileType = sourcecode.c.h; path = WhatAmIDoingViewController.h; sourceTree = "<group>"; };
		9FA787C317CB6F5600F0BD40 /* WhatAmIDoingViewController.m */ = {isa = PBXFileReference; lastKnownFileType = sourcecode.c.objc; path = WhatAmIDoingViewController.m; sourceTree = "<group>"; };
		9FA787CA17CB6FB000F0BD40 /* AssetsLibrary.framework */ = {isa = PBXFileReference; lastKnownFileType = wrapper.framework; name = AssetsLibrary.framework; path = System/Library/Frameworks/AssetsLibrary.framework; sourceTree = SDKROOT; };
		9FA787CC17CB6FB800F0BD40 /* AVFoundation.framework */ = {isa = PBXFileReference; lastKnownFileType = wrapper.framework; name = AVFoundation.framework; path = System/Library/Frameworks/AVFoundation.framework; sourceTree = SDKROOT; };
		9FA787CE17CB6FD100F0BD40 /* MediaPlayer.framework */ = {isa = PBXFileReference; lastKnownFileType = wrapper.framework; name = MediaPlayer.framework; path = System/Library/Frameworks/MediaPlayer.framework; sourceTree = SDKROOT; };
		9FA787D017CB6FDA00F0BD40 /* MobileCoreServices.framework */ = {isa = PBXFileReference; lastKnownFileType = wrapper.framework; name = MobileCoreServices.framework; path = System/Library/Frameworks/MobileCoreServices.framework; sourceTree = SDKROOT; };
		9FA787D217CB6FE500F0BD40 /* QuartzCore.framework */ = {isa = PBXFileReference; lastKnownFileType = wrapper.framework; name = QuartzCore.framework; path = System/Library/Frameworks/QuartzCore.framework; sourceTree = SDKROOT; };
		9FA787E217CB757700F0BD40 /* RecordVideoViewController.h */ = {isa = PBXFileReference; explicitFileType = sourcecode.cpp.h; fileEncoding = 4; path = RecordVideoViewController.h; sourceTree = "<group>"; };
		9FA787E317CB757700F0BD40 /* RecordVideoViewController.m */ = {isa = PBXFileReference; fileEncoding = 4; lastKnownFileType = sourcecode.c.objc; path = RecordVideoViewController.m; sourceTree = "<group>"; };
		9FAB63F71810C3C40094A628 /* SBJson.h */ = {isa = PBXFileReference; fileEncoding = 4; lastKnownFileType = sourcecode.c.h; path = SBJson.h; sourceTree = "<group>"; };
		9FAB63F81810C3C40094A628 /* SBJsonParser.h */ = {isa = PBXFileReference; fileEncoding = 4; lastKnownFileType = sourcecode.c.h; path = SBJsonParser.h; sourceTree = "<group>"; };
		9FAB63F91810C3C40094A628 /* SBJsonParser.m */ = {isa = PBXFileReference; fileEncoding = 4; lastKnownFileType = sourcecode.c.objc; path = SBJsonParser.m; sourceTree = "<group>"; };
		9FAB63FA1810C3C40094A628 /* SBJsonStreamParser.h */ = {isa = PBXFileReference; fileEncoding = 4; lastKnownFileType = sourcecode.c.h; path = SBJsonStreamParser.h; sourceTree = "<group>"; };
		9FAB63FB1810C3C40094A628 /* SBJsonStreamParser.m */ = {isa = PBXFileReference; fileEncoding = 4; lastKnownFileType = sourcecode.c.objc; path = SBJsonStreamParser.m; sourceTree = "<group>"; };
		9FAB63FC1810C3C40094A628 /* SBJsonStreamParserAccumulator.h */ = {isa = PBXFileReference; fileEncoding = 4; lastKnownFileType = sourcecode.c.h; path = SBJsonStreamParserAccumulator.h; sourceTree = "<group>"; };
		9FAB63FD1810C3C40094A628 /* SBJsonStreamParserAccumulator.m */ = {isa = PBXFileReference; fileEncoding = 4; lastKnownFileType = sourcecode.c.objc; path = SBJsonStreamParserAccumulator.m; sourceTree = "<group>"; };
		9FAB63FE1810C3C40094A628 /* SBJsonStreamParserAdapter.h */ = {isa = PBXFileReference; fileEncoding = 4; lastKnownFileType = sourcecode.c.h; path = SBJsonStreamParserAdapter.h; sourceTree = "<group>"; };
		9FAB63FF1810C3C40094A628 /* SBJsonStreamParserAdapter.m */ = {isa = PBXFileReference; fileEncoding = 4; lastKnownFileType = sourcecode.c.objc; path = SBJsonStreamParserAdapter.m; sourceTree = "<group>"; };
		9FAB64001810C3C40094A628 /* SBJsonStreamParserState.h */ = {isa = PBXFileReference; fileEncoding = 4; lastKnownFileType = sourcecode.c.h; path = SBJsonStreamParserState.h; sourceTree = "<group>"; };
		9FAB64011810C3C40094A628 /* SBJsonStreamParserState.m */ = {isa = PBXFileReference; fileEncoding = 4; lastKnownFileType = sourcecode.c.objc; path = SBJsonStreamParserState.m; sourceTree = "<group>"; };
		9FAB64021810C3C40094A628 /* SBJsonStreamTokeniser.h */ = {isa = PBXFileReference; fileEncoding = 4; lastKnownFileType = sourcecode.c.h; path = SBJsonStreamTokeniser.h; sourceTree = "<group>"; };
		9FAB64031810C3C40094A628 /* SBJsonStreamTokeniser.m */ = {isa = PBXFileReference; fileEncoding = 4; lastKnownFileType = sourcecode.c.objc; path = SBJsonStreamTokeniser.m; sourceTree = "<group>"; };
		9FAB64041810C3C40094A628 /* SBJsonStreamWriter.h */ = {isa = PBXFileReference; fileEncoding = 4; lastKnownFileType = sourcecode.c.h; path = SBJsonStreamWriter.h; sourceTree = "<group>"; };
		9FAB64051810C3C40094A628 /* SBJsonStreamWriter.m */ = {isa = PBXFileReference; fileEncoding = 4; lastKnownFileType = sourcecode.c.objc; path = SBJsonStreamWriter.m; sourceTree = "<group>"; };
		9FAB64061810C3C40094A628 /* SBJsonStreamWriterAccumulator.h */ = {isa = PBXFileReference; fileEncoding = 4; lastKnownFileType = sourcecode.c.h; path = SBJsonStreamWriterAccumulator.h; sourceTree = "<group>"; };
		9FAB64071810C3C40094A628 /* SBJsonStreamWriterAccumulator.m */ = {isa = PBXFileReference; fileEncoding = 4; lastKnownFileType = sourcecode.c.objc; path = SBJsonStreamWriterAccumulator.m; sourceTree = "<group>"; };
		9FAB64081810C3C40094A628 /* SBJsonStreamWriterState.h */ = {isa = PBXFileReference; fileEncoding = 4; lastKnownFileType = sourcecode.c.h; path = SBJsonStreamWriterState.h; sourceTree = "<group>"; };
		9FAB64091810C3C40094A628 /* SBJsonStreamWriterState.m */ = {isa = PBXFileReference; fileEncoding = 4; lastKnownFileType = sourcecode.c.objc; path = SBJsonStreamWriterState.m; sourceTree = "<group>"; };
		9FAB640A1810C3C40094A628 /* SBJsonWriter.h */ = {isa = PBXFileReference; fileEncoding = 4; lastKnownFileType = sourcecode.c.h; path = SBJsonWriter.h; sourceTree = "<group>"; };
		9FAB640B1810C3C40094A628 /* SBJsonWriter.m */ = {isa = PBXFileReference; fileEncoding = 4; lastKnownFileType = sourcecode.c.objc; path = SBJsonWriter.m; sourceTree = "<group>"; };
		9FAB64161810E13A0094A628 /* NSData+Base64.h */ = {isa = PBXFileReference; fileEncoding = 4; lastKnownFileType = sourcecode.c.h; path = "NSData+Base64.h"; sourceTree = "<group>"; };
		9FAB64171810E13A0094A628 /* NSData+Base64.m */ = {isa = PBXFileReference; fileEncoding = 4; lastKnownFileType = sourcecode.c.objc; path = "NSData+Base64.m"; sourceTree = "<group>"; };
		9FB1B8A51800E20200E3ACBA /* CoreData.framework */ = {isa = PBXFileReference; lastKnownFileType = wrapper.framework; name = CoreData.framework; path = System/Library/Frameworks/CoreData.framework; sourceTree = SDKROOT; };
		9FB1B8ED1801685000E3ACBA /* WhatAmIdoing.xcdatamodel */ = {isa = PBXFileReference; lastKnownFileType = wrapper.xcdatamodel; path = WhatAmIdoing.xcdatamodel; sourceTree = "<group>"; };
		9FBFE9941816060700D32FE2 /* Images.xcassets */ = {isa = PBXFileReference; lastKnownFileType = folder.assetcatalog; path = Images.xcassets; sourceTree = "<group>"; };
		9FDED6E6181025DF00916FC1 /* WhatAmIDoingWebSocket.h */ = {isa = PBXFileReference; fileEncoding = 4; lastKnownFileType = sourcecode.c.h; path = WhatAmIDoingWebSocket.h; sourceTree = "<group>"; };
		9FDED6E7181025DF00916FC1 /* WhatAmIDoingWebSocket.m */ = {isa = PBXFileReference; fileEncoding = 4; lastKnownFileType = sourcecode.c.objc; path = WhatAmIDoingWebSocket.m; sourceTree = "<group>"; };
		9FE43DC318153E2500E6DD22 /* FrameReader.h */ = {isa = PBXFileReference; fileEncoding = 4; lastKnownFileType = sourcecode.c.h; path = FrameReader.h; sourceTree = "<group>"; };
		9FE43DC418153E2500E6DD22 /* FrameReader.mm */ = {isa = PBXFileReference; fileEncoding = 4; lastKnownFileType = sourcecode.cpp.objcpp; path = FrameReader.mm; sourceTree = "<group>"; };
/* End PBXFileReference section */

/* Begin PBXFrameworksBuildPhase section */
		9F35E60818082CB200AD4F79 /* Frameworks */ = {
			isa = PBXFrameworksBuildPhase;
			buildActionMask = 2147483647;
			files = (
				9F35E60E18082CB200AD4F79 /* SenTestingKit.framework in Frameworks */,
				9F35E60F18082CB200AD4F79 /* UIKit.framework in Frameworks */,
				9F35E61018082CB200AD4F79 /* Foundation.framework in Frameworks */,
			);
			runOnlyForDeploymentPostprocessing = 0;
		};
		9FA7879E17CB6F5500F0BD40 /* Frameworks */ = {
			isa = PBXFrameworksBuildPhase;
			buildActionMask = 2147483647;
			files = (
				9FA53884180D59B600500272 /* CoreData.framework in Frameworks */,
				9F6D973717CB9C43003F0703 /* libicucore.dylib in Frameworks */,
				9F6D973517CB9C27003F0703 /* Security.framework in Frameworks */,
				9F6D973317CB9BEF003F0703 /* CFNetwork.framework in Frameworks */,
				9F52B01517CB9495009B497E /* CoreMedia.framework in Frameworks */,
				9F52B00F17CB9462009B497E /* CoreVideo.framework in Frameworks */,
				9F52B00E17CB9449009B497E /* CoreImage.framework in Frameworks */,
				9F9663F017CB8E9700C315A5 /* Accelerate.framework in Frameworks */,
				9FA787D117CB6FDA00F0BD40 /* MobileCoreServices.framework in Frameworks */,
				9FA787CF17CB6FD100F0BD40 /* MediaPlayer.framework in Frameworks */,
				9FA787CD17CB6FB800F0BD40 /* AVFoundation.framework in Frameworks */,
				9FA787CB17CB6FB000F0BD40 /* AssetsLibrary.framework in Frameworks */,
				9FA787A517CB6F5500F0BD40 /* UIKit.framework in Frameworks */,
				9FA787A717CB6F5500F0BD40 /* Foundation.framework in Frameworks */,
				9F9663EE17CB8A2800C315A5 /* opencv2.framework in Frameworks */,
				9F9663FC17CB922300C315A5 /* QuartzCore.framework in Frameworks */,
				9F96640617CB925200C315A5 /* CoreGraphics.framework in Frameworks */,
				9F0ED70D17CD332700555D3C /* libssl.a in Frameworks */,
				9F0ED71117CD335400555D3C /* libcrypto.a in Frameworks */,
			);
			runOnlyForDeploymentPostprocessing = 0;
		};
/* End PBXFrameworksBuildPhase section */

/* Begin PBXGroup section */
		9F46FD041810092400382777 /* libwebsockets */ = {
			isa = PBXGroup;
			children = (
				9F46FD051810092400382777 /* base64-decode.c */,
				9F46FD061810092400382777 /* BLAsyncMessageQueue.h */,
				9F46FD071810092400382777 /* BLAsyncMessageQueue.m */,
				9F46FD081810092400382777 /* client-handshake.c */,
				9F46FD091810092400382777 /* client-parser.c */,
				9F46FD0A1810092400382777 /* client.c */,
				9F46FD0B1810092400382777 /* daemonize.c */,
				9F46FD0C1810092400382777 /* extension-deflate-frame.c */,
				9F46FD0D1810092400382777 /* extension-deflate-frame.h */,
				9F46FD0E1810092400382777 /* extension-deflate-stream.c */,
				9F46FD0F1810092400382777 /* extension-deflate-stream.h */,
				9F46FD101810092400382777 /* extension.c */,
				9F46FD111810092400382777 /* getifaddrs.c */,
				9F46FD121810092400382777 /* getifaddrs.h */,
				9F46FD131810092400382777 /* handshake.c */,
				9F46FD141810092400382777 /* libwebsockets.c */,
				9F46FD151810092400382777 /* libwebsockets.h */,
				9F46FD161810092400382777 /* output.c */,
				9F46FD171810092400382777 /* parsers.c */,
				9F46FD181810092400382777 /* private-libwebsockets.h */,
				9F46FD191810092400382777 /* server-handshake.c */,
				9F46FD1A1810092400382777 /* server.c */,
				9F46FD1B1810092400382777 /* sha-1.c */,
			);
			path = libwebsockets;
			sourceTree = "<group>";
		};
		9FA53859180C9C2000500272 /* Pickers */ = {
			isa = PBXGroup;
			children = (
				9FA5385A180C9C2000500272 /* AbstractActionSheetPicker.h */,
				9FA5385B180C9C2000500272 /* AbstractActionSheetPicker.m */,
				9FA5385C180C9C2000500272 /* ActionSheetCustomPicker.h */,
				9FA5385D180C9C2000500272 /* ActionSheetCustomPicker.m */,
				9FA5385E180C9C2000500272 /* ActionSheetCustomPickerDelegate.h */,
				9FA5385F180C9C2000500272 /* ActionSheetDatePicker.h */,
				9FA53860180C9C2000500272 /* ActionSheetDatePicker.m */,
				9FA53861180C9C2000500272 /* ActionSheetDistancePicker.h */,
				9FA53862180C9C2000500272 /* ActionSheetDistancePicker.m */,
				9FA53863180C9C2000500272 /* ActionSheetStringPicker.h */,
				9FA53864180C9C2000500272 /* ActionSheetStringPicker.m */,
				9FA53865180C9C2000500272 /* DistancePickerView.h */,
				9FA53866180C9C2000500272 /* DistancePickerView.m */,
			);
			path = Pickers;
			sourceTree = "<group>";
		};
		9FA7879817CB6F5500F0BD40 = {
			isa = PBXGroup;
			children = (
				9FB1B8A51800E20200E3ACBA /* CoreData.framework */,
				9F6D973617CB9C43003F0703 /* libicucore.dylib */,
				9F6D973417CB9C27003F0703 /* Security.framework */,
				9F6D973217CB9BEF003F0703 /* CFNetwork.framework */,
				9F52B01417CB9495009B497E /* CoreMedia.framework */,
				9F9663F317CB8EB700C315A5 /* CoreVideo.framework */,
				9F9663F117CB8EAE00C315A5 /* CoreImage.framework */,
				9F9663EF17CB8E9700C315A5 /* Accelerate.framework */,
				9FA787D217CB6FE500F0BD40 /* QuartzCore.framework */,
				9FA787D017CB6FDA00F0BD40 /* MobileCoreServices.framework */,
				9FA787CE17CB6FD100F0BD40 /* MediaPlayer.framework */,
				9FA787CC17CB6FB800F0BD40 /* AVFoundation.framework */,
				9FA787CA17CB6FB000F0BD40 /* AssetsLibrary.framework */,
				9FA787AA17CB6F5500F0BD40 /* VideoPlayRecord */,
				9FA787A317CB6F5500F0BD40 /* Frameworks */,
				9FA787A217CB6F5500F0BD40 /* Products */,
			);
			sourceTree = "<group>";
		};
		9FA787A217CB6F5500F0BD40 /* Products */ = {
			isa = PBXGroup;
			children = (
				9FA787A117CB6F5500F0BD40 /* VideoPlayRecord.app */,
				9F35E60C18082CB200AD4F79 /* ThisIsWhatIamDoing.octest */,
			);
			name = Products;
			sourceTree = "<group>";
		};
		9FA787A317CB6F5500F0BD40 /* Frameworks */ = {
			isa = PBXGroup;
			children = (
				9F46FD021810054200382777 /* libwebsockets.a */,
				9FA53871180D4EDF00500272 /* libUnittWebSocketClient.a */,
				9F0ED71017CD335400555D3C /* libcrypto.a */,
				9F0ED70C17CD332700555D3C /* libssl.a */,
				9F52B01617CB949E009B497E /* CoreMedia.framework */,
				9F52B01217CB9472009B497E /* CoreImage.framework */,
				9F52B01017CB946B009B497E /* CoreVideo.framework */,
				9F96640517CB925200C315A5 /* CoreGraphics.framework */,
				9F96640317CB924A00C315A5 /* Foundation.framework */,
				9F96640117CB923C00C315A5 /* AssetsLibrary.framework */,
				9F9663FF17CB923500C315A5 /* AVFoundation.framework */,
				9F9663FD17CB922C00C315A5 /* MobileCoreServices.framework */,
				9F9663FB17CB922300C315A5 /* QuartzCore.framework */,
				9F9663F917CB921800C315A5 /* Accelerate.framework */,
				9F9663ED17CB8A2800C315A5 /* opencv2.framework */,
				9FA787A417CB6F5500F0BD40 /* UIKit.framework */,
				9FA787A617CB6F5500F0BD40 /* Foundation.framework */,
				9FA787A817CB6F5500F0BD40 /* CoreGraphics.framework */,
				9F35E60D18082CB200AD4F79 /* SenTestingKit.framework */,
			);
			name = Frameworks;
			sourceTree = "<group>";
		};
		9FA787AA17CB6F5500F0BD40 /* VideoPlayRecord */ = {
			isa = PBXGroup;
			children = (
				9F61715D1812C30200EC1A84 /* NSLinkedList.h */,
				9F61715E1812C30200EC1A84 /* NSLinkedList.m */,
				9FAB64161810E13A0094A628 /* NSData+Base64.h */,
				9FAB64171810E13A0094A628 /* NSData+Base64.m */,
				9FD6F1BB1810BCC5000C28AA /* SBJson */,
				9F46FD041810092400382777 /* libwebsockets */,
				9FA5386D180C9C3400500272 /* ActionSheetPicker.h */,
				9FA53859180C9C2000500272 /* Pickers */,
				9F58467E18016B8300CA74DA /* AuthenticationToken.m */,
				9FA787B317CB6F5500F0BD40 /* WhatAmIDoingAppDelegate.h */,
				9FA787B417CB6F5500F0BD40 /* WhatAmIDoingAppDelegate.m */,
				9FA5382B180C183700500272 /* Logout.h */,
				9FA5382C180C183700500272 /* Logout.m */,
				9FA787BC17CB6F5500F0BD40 /* MainStoryboard_iPhone.storyboard */,
				9FA787C217CB6F5600F0BD40 /* WhatAmIDoingViewController.h */,
				9FA787C317CB6F5600F0BD40 /* WhatAmIDoingViewController.m */,
				9F58467D18016B6D00CA74DA /* AuthenticationToken.h */,
				9FA787E217CB757700F0BD40 /* RecordVideoViewController.h */,
				9FA787E317CB757700F0BD40 /* RecordVideoViewController.m */,
				9FA787AB17CB6F5500F0BD40 /* Supporting Files */,
				9FB1B8EC1801685000E3ACBA /* WhatAmIdoing.xcdatamodeld */,
				9F584680180276E700CA74DA /* whatAmIdoing.plist */,
				9F5846821802B35300CA74DA /* PropertyAccessor.h */,
				9F5846831802B35300CA74DA /* PropertyAccessor.m */,
				9F23CBE5180B5EB300388D54 /* WhatAmIDoingConstants.h */,
				9F23CBE6180B5EB300388D54 /* WhatAmIDoingConstants.m */,
				9F2719AA180B8C2100DA873E /* SendInvite.h */,
				9F2719AB180B8C2100DA873E /* SendInvite.m */,
				9FA5384D180C56D000500272 /* InviteEmailList.h */,
				9FA5384E180C56D000500272 /* InviteEmailList.m */,
				9FA53850180C743800500272 /* InvitePickerDelegate.h */,
				9FA53851180C743800500272 /* InvitePickerDelegate.m */,
				9FA53856180C79D000500272 /* InvitePickerDataSource.h */,
				9FA53857180C79D000500272 /* InvitePickerDataSource.m */,
				9FDED6E6181025DF00916FC1 /* WhatAmIDoingWebSocket.h */,
				9FDED6E7181025DF00916FC1 /* WhatAmIDoingWebSocket.m */,
				9FE43DC318153E2500E6DD22 /* FrameReader.h */,
				9FE43DC418153E2500E6DD22 /* FrameReader.mm */,
				9FBFE9941816060700D32FE2 /* Images.xcassets */,
			);
			path = VideoPlayRecord;
			sourceTree = "<group>";
		};
		9FA787AB17CB6F5500F0BD40 /* Supporting Files */ = {
			isa = PBXGroup;
			children = (
				9F9D69AD181736110020226A /* Default-568h@2x.png */,
				9F9D69AE181736110020226A /* Default.png */,
				9F9D69AF181736110020226A /* Default@2x.png */,
				9F9D69B0181736110020226A /* icon-57.png */,
				9F9D69B1181736110020226A /* icon-76.png */,
				9F9D69B2181736110020226A /* icon-152.png */,
				9FA787AC17CB6F5500F0BD40 /* VideoPlayRecord-Info.plist */,
				9FA787AD17CB6F5500F0BD40 /* InfoPlist.strings */,
				9FA787B017CB6F5500F0BD40 /* main.m */,
				9FA787B217CB6F5500F0BD40 /* VideoPlayRecord-Prefix.pch */,
			);
			name = "Supporting Files";
			sourceTree = "<group>";
		};
		9FD6F1BB1810BCC5000C28AA /* SBJson */ = {
			isa = PBXGroup;
			children = (
				9FAB63F71810C3C40094A628 /* SBJson.h */,
				9FAB63F81810C3C40094A628 /* SBJsonParser.h */,
				9FAB63F91810C3C40094A628 /* SBJsonParser.m */,
				9FAB63FA1810C3C40094A628 /* SBJsonStreamParser.h */,
				9FAB63FB1810C3C40094A628 /* SBJsonStreamParser.m */,
				9FAB63FC1810C3C40094A628 /* SBJsonStreamParserAccumulator.h */,
				9FAB63FD1810C3C40094A628 /* SBJsonStreamParserAccumulator.m */,
				9FAB63FE1810C3C40094A628 /* SBJsonStreamParserAdapter.h */,
				9FAB63FF1810C3C40094A628 /* SBJsonStreamParserAdapter.m */,
				9FAB64001810C3C40094A628 /* SBJsonStreamParserState.h */,
				9FAB64011810C3C40094A628 /* SBJsonStreamParserState.m */,
				9FAB64021810C3C40094A628 /* SBJsonStreamTokeniser.h */,
				9FAB64031810C3C40094A628 /* SBJsonStreamTokeniser.m */,
				9FAB64041810C3C40094A628 /* SBJsonStreamWriter.h */,
				9FAB64051810C3C40094A628 /* SBJsonStreamWriter.m */,
				9FAB64061810C3C40094A628 /* SBJsonStreamWriterAccumulator.h */,
				9FAB64071810C3C40094A628 /* SBJsonStreamWriterAccumulator.m */,
				9FAB64081810C3C40094A628 /* SBJsonStreamWriterState.h */,
				9FAB64091810C3C40094A628 /* SBJsonStreamWriterState.m */,
				9FAB640A1810C3C40094A628 /* SBJsonWriter.h */,
				9FAB640B1810C3C40094A628 /* SBJsonWriter.m */,
			);
			path = SBJson;
			sourceTree = "<group>";
		};
/* End PBXGroup section */

/* Begin PBXNativeTarget section */
		9F35E60B18082CB200AD4F79 /* ThisIsWhatIamDoing */ = {
			isa = PBXNativeTarget;
			buildConfigurationList = 9F35E61D18082CB300AD4F79 /* Build configuration list for PBXNativeTarget "ThisIsWhatIamDoing" */;
			buildPhases = (
				9F35E60718082CB200AD4F79 /* Sources */,
				9F35E60818082CB200AD4F79 /* Frameworks */,
				9F35E60918082CB200AD4F79 /* Resources */,
				9F35E60A18082CB200AD4F79 /* ShellScript */,
			);
			buildRules = (
			);
			dependencies = (
			);
			name = ThisIsWhatIamDoing;
			productName = ThisIsWhatIamDoing;
			productReference = 9F35E60C18082CB200AD4F79 /* ThisIsWhatIamDoing.octest */;
			productType = "com.apple.product-type.bundle";
		};
		9FA787A017CB6F5500F0BD40 /* VideoPlayRecord */ = {
			isa = PBXNativeTarget;
			buildConfigurationList = 9FA787C717CB6F5600F0BD40 /* Build configuration list for PBXNativeTarget "VideoPlayRecord" */;
			buildPhases = (
				9FA7879D17CB6F5500F0BD40 /* Sources */,
				9FA7879E17CB6F5500F0BD40 /* Frameworks */,
				9FA7879F17CB6F5500F0BD40 /* Resources */,
			);
			buildRules = (
			);
			dependencies = (
			);
			name = VideoPlayRecord;
			productName = VideoPlayRecord;
			productReference = 9FA787A117CB6F5500F0BD40 /* VideoPlayRecord.app */;
			productType = "com.apple.product-type.application";
		};
/* End PBXNativeTarget section */

/* Begin PBXProject section */
		9FA7879917CB6F5500F0BD40 /* Project object */ = {
			isa = PBXProject;
			attributes = {
				CLASSPREFIX = WhatAmIDoing;
				LastUpgradeCheck = 0500;
				ORGANIZATIONNAME = "What am I doing";
				TargetAttributes = {
					9FA787A017CB6F5500F0BD40 = {
						DevelopmentTeam = VG3ZD9AV4F;
					};
				};
			};
			buildConfigurationList = 9FA7879C17CB6F5500F0BD40 /* Build configuration list for PBXProject "VideoPlayRecord" */;
			compatibilityVersion = "Xcode 3.2";
			developmentRegion = English;
			hasScannedForEncodings = 0;
			knownRegions = (
				en,
			);
			mainGroup = 9FA7879817CB6F5500F0BD40;
			productRefGroup = 9FA787A217CB6F5500F0BD40 /* Products */;
			projectDirPath = "";
			projectRoot = "";
			targets = (
				9FA787A017CB6F5500F0BD40 /* VideoPlayRecord */,
				9F35E60B18082CB200AD4F79 /* ThisIsWhatIamDoing */,
			);
		};
/* End PBXProject section */

/* Begin PBXResourcesBuildPhase section */
		9F35E60918082CB200AD4F79 /* Resources */ = {
			isa = PBXResourcesBuildPhase;
			buildActionMask = 2147483647;
			files = (
			);
			runOnlyForDeploymentPostprocessing = 0;
		};
		9FA7879F17CB6F5500F0BD40 /* Resources */ = {
			isa = PBXResourcesBuildPhase;
			buildActionMask = 2147483647;
			files = (
				9F9D69B6181736110020226A /* icon-57.png in Resources */,
				9FA787AF17CB6F5500F0BD40 /* InfoPlist.strings in Resources */,
				9F9D69B4181736110020226A /* Default.png in Resources */,
				9FBFE9951816060700D32FE2 /* Images.xcassets in Resources */,
				9FA787BE17CB6F5500F0BD40 /* MainStoryboard_iPhone.storyboard in Resources */,
				9F9D69B3181736110020226A /* Default-568h@2x.png in Resources */,
				9F9D69B5181736110020226A /* Default@2x.png in Resources */,
				9F584681180276E700CA74DA /* whatAmIdoing.plist in Resources */,
				9F9D69B7181736110020226A /* icon-76.png in Resources */,
				9F9D69B8181736110020226A /* icon-152.png in Resources */,
			);
			runOnlyForDeploymentPostprocessing = 0;
		};
/* End PBXResourcesBuildPhase section */

/* Begin PBXShellScriptBuildPhase section */
		9F35E60A18082CB200AD4F79 /* ShellScript */ = {
			isa = PBXShellScriptBuildPhase;
			buildActionMask = 2147483647;
			files = (
			);
			inputPaths = (
			);
			outputPaths = (
			);
			runOnlyForDeploymentPostprocessing = 0;
			shellPath = /bin/sh;
			shellScript = "# Run the unit tests in this test bundle.\n\"${SYSTEM_DEVELOPER_DIR}/Tools/RunUnitTests\"\n";
		};
/* End PBXShellScriptBuildPhase section */

/* Begin PBXSourcesBuildPhase section */
		9F35E60718082CB200AD4F79 /* Sources */ = {
			isa = PBXSourcesBuildPhase;
			buildActionMask = 2147483647;
			files = (
			);
			runOnlyForDeploymentPostprocessing = 0;
		};
		9FA7879D17CB6F5500F0BD40 /* Sources */ = {
			isa = PBXSourcesBuildPhase;
			buildActionMask = 2147483647;
			files = (
				9F46FD1E1810092400382777 /* client-handshake.c in Sources */,
				9FA5382D180C183700500272 /* Logout.m in Sources */,
				9FA5384F180C56D000500272 /* InviteEmailList.m in Sources */,
				9F46FD1C1810092400382777 /* base64-decode.c in Sources */,
				9FE43DC518153E2500E6DD22 /* FrameReader.mm in Sources */,
				9FA787B117CB6F5500F0BD40 /* main.m in Sources */,
				9F46FD271810092400382777 /* libwebsockets.c in Sources */,
				9FAB640E1810C3C40094A628 /* SBJsonStreamParserAccumulator.m in Sources */,
				9F46FD2C1810092400382777 /* sha-1.c in Sources */,
				9FA787B517CB6F5500F0BD40 /* WhatAmIDoingAppDelegate.m in Sources */,
				9FA5386B180C9C2000500272 /* ActionSheetStringPicker.m in Sources */,
				9FA787C417CB6F5600F0BD40 /* WhatAmIDoingViewController.m in Sources */,
				9F46FD231810092400382777 /* extension-deflate-stream.c in Sources */,
				9F46FD261810092400382777 /* handshake.c in Sources */,
				9F46FD2B1810092400382777 /* server.c in Sources */,
				9F2719AC180B8C2100DA873E /* SendInvite.m in Sources */,
				9FAB64141810C3C40094A628 /* SBJsonStreamWriterState.m in Sources */,
				9FAB64181810E13A0094A628 /* NSData+Base64.m in Sources */,
				9FA787E417CB757700F0BD40 /* RecordVideoViewController.m in Sources */,
				9F46FD201810092400382777 /* client.c in Sources */,
				9F46FD1F1810092400382777 /* client-parser.c in Sources */,
				9FA5386A180C9C2000500272 /* ActionSheetDistancePicker.m in Sources */,
				9F46FD1D1810092400382777 /* BLAsyncMessageQueue.m in Sources */,
				9F46FD221810092400382777 /* extension-deflate-frame.c in Sources */,
				9F23CBE7180B5EB300388D54 /* WhatAmIDoingConstants.m in Sources */,
				9FA53869180C9C2000500272 /* ActionSheetDatePicker.m in Sources */,
				9F46FD211810092400382777 /* daemonize.c in Sources */,
				9FA5386C180C9C2000500272 /* DistancePickerView.m in Sources */,
				9FA53867180C9C2000500272 /* AbstractActionSheetPicker.m in Sources */,
				9FA53852180C743800500272 /* InvitePickerDelegate.m in Sources */,
				9FAB64121810C3C40094A628 /* SBJsonStreamWriter.m in Sources */,
				9F61715F1812C30200EC1A84 /* NSLinkedList.m in Sources */,
				9F46FD241810092400382777 /* extension.c in Sources */,
				9FAB64111810C3C40094A628 /* SBJsonStreamTokeniser.m in Sources */,
				9FAB640F1810C3C40094A628 /* SBJsonStreamParserAdapter.m in Sources */,
				9FB1B8EE1801685000E3ACBA /* WhatAmIdoing.xcdatamodeld in Sources */,
				9F58467F18016B8300CA74DA /* AuthenticationToken.m in Sources */,
				9FAB640C1810C3C40094A628 /* SBJsonParser.m in Sources */,
				9F46FD281810092400382777 /* output.c in Sources */,
				9FAB64151810C3C40094A628 /* SBJsonWriter.m in Sources */,
				9FAB64101810C3C40094A628 /* SBJsonStreamParserState.m in Sources */,
				9F46FD291810092400382777 /* parsers.c in Sources */,
				9FAB64131810C3C40094A628 /* SBJsonStreamWriterAccumulator.m in Sources */,
				9F46FD251810092400382777 /* getifaddrs.c in Sources */,
				9F5846841802B35400CA74DA /* PropertyAccessor.m in Sources */,
				9FA53868180C9C2000500272 /* ActionSheetCustomPicker.m in Sources */,
				9F46FD2A1810092400382777 /* server-handshake.c in Sources */,
				9FDED6E8181025DF00916FC1 /* WhatAmIDoingWebSocket.m in Sources */,
				9FA53858180C79D000500272 /* InvitePickerDataSource.m in Sources */,
				9FAB640D1810C3C40094A628 /* SBJsonStreamParser.m in Sources */,
			);
			runOnlyForDeploymentPostprocessing = 0;
		};
/* End PBXSourcesBuildPhase section */

/* Begin PBXVariantGroup section */
		9FA787AD17CB6F5500F0BD40 /* InfoPlist.strings */ = {
			isa = PBXVariantGroup;
			children = (
				9FA787AE17CB6F5500F0BD40 /* en */,
			);
			name = InfoPlist.strings;
			sourceTree = "<group>";
		};
		9FA787BC17CB6F5500F0BD40 /* MainStoryboard_iPhone.storyboard */ = {
			isa = PBXVariantGroup;
			children = (
				9FA787BD17CB6F5500F0BD40 /* en */,
			);
			name = MainStoryboard_iPhone.storyboard;
			sourceTree = "<group>";
		};
/* End PBXVariantGroup section */

/* Begin XCBuildConfiguration section */
		9F35E61B18082CB200AD4F79 /* Debug */ = {
			isa = XCBuildConfiguration;
			buildSettings = {
				ALWAYS_SEARCH_USER_PATHS = NO;
				FRAMEWORK_SEARCH_PATHS = (
					"\"$(SDKROOT)/Developer/Library/Frameworks\"",
					"\"$(DEVELOPER_LIBRARY_DIR)/Frameworks\"",
				);
				GCC_PRECOMPILE_PREFIX_HEADER = YES;
				GCC_PREFIX_HEADER = "ThisIsWhatIamDoing/ThisIsWhatIamDoing-Prefix.pch";
				INFOPLIST_FILE = "ThisIsWhatIamDoing/ThisIsWhatIamDoing-Info.plist";
				PRODUCT_NAME = "$(TARGET_NAME)";
				WRAPPER_EXTENSION = octest;
			};
			name = Debug;
		};
		9F35E61C18082CB200AD4F79 /* Release */ = {
			isa = XCBuildConfiguration;
			buildSettings = {
				ALWAYS_SEARCH_USER_PATHS = NO;
				FRAMEWORK_SEARCH_PATHS = (
					"\"$(SDKROOT)/Developer/Library/Frameworks\"",
					"\"$(DEVELOPER_LIBRARY_DIR)/Frameworks\"",
				);
				GCC_PRECOMPILE_PREFIX_HEADER = YES;
				GCC_PREFIX_HEADER = "ThisIsWhatIamDoing/ThisIsWhatIamDoing-Prefix.pch";
				INFOPLIST_FILE = "ThisIsWhatIamDoing/ThisIsWhatIamDoing-Info.plist";
				PRODUCT_NAME = "$(TARGET_NAME)";
				WRAPPER_EXTENSION = octest;
			};
			name = Release;
		};
		9FA787C517CB6F5600F0BD40 /* Debug */ = {
			isa = XCBuildConfiguration;
			buildSettings = {
				ALWAYS_SEARCH_USER_PATHS = YES;
				CLANG_CXX_LANGUAGE_STANDARD = "gnu++0x";
				CLANG_CXX_LIBRARY = "libc++";
				CLANG_ENABLE_OBJC_ARC = YES;
				CLANG_WARN_CONSTANT_CONVERSION = YES;
				CLANG_WARN_EMPTY_BODY = YES;
				CLANG_WARN_ENUM_CONVERSION = YES;
				CLANG_WARN_INT_CONVERSION = YES;
				CLANG_WARN__DUPLICATE_METHOD_MATCH = YES;
				CODE_SIGN_IDENTITY = "iPhone Developer: kodjo baah (298BH8F8HM)";
				"CODE_SIGN_IDENTITY[sdk=iphoneos*]" = "iPhone Developer";
				COPY_PHASE_STRIP = NO;
				GCC_C_LANGUAGE_STANDARD = gnu99;
				GCC_DYNAMIC_NO_PIC = NO;
				GCC_OPTIMIZATION_LEVEL = 0;
				GCC_PREPROCESSOR_DEFINITIONS = (
					"DEBUG=1",
					"$(inherited)",
				);
				GCC_SYMBOLS_PRIVATE_EXTERN = NO;
				GCC_WARN_ABOUT_RETURN_TYPE = YES;
				GCC_WARN_UNINITIALIZED_AUTOS = YES;
				GCC_WARN_UNUSED_VARIABLE = YES;
				IPHONEOS_DEPLOYMENT_TARGET = 6.1;
				ONLY_ACTIVE_ARCH = YES;
				PROVISIONING_PROFILE = "49790FC2-C2CA-4278-805E-D9DAC2AA1125";
				SDKROOT = iphoneos;
				TARGETED_DEVICE_FAMILY = "1,2";
			};
			name = Debug;
		};
		9FA787C617CB6F5600F0BD40 /* Release */ = {
			isa = XCBuildConfiguration;
			buildSettings = {
				ALWAYS_SEARCH_USER_PATHS = YES;
				CLANG_CXX_LANGUAGE_STANDARD = "gnu++0x";
				CLANG_CXX_LIBRARY = "libc++";
				CLANG_ENABLE_OBJC_ARC = YES;
				CLANG_WARN_CONSTANT_CONVERSION = YES;
				CLANG_WARN_EMPTY_BODY = YES;
				CLANG_WARN_ENUM_CONVERSION = YES;
				CLANG_WARN_INT_CONVERSION = YES;
				CLANG_WARN__DUPLICATE_METHOD_MATCH = YES;
				"CODE_SIGN_IDENTITY[sdk=iphoneos*]" = "iPhone Developer: kodjo baah (298BH8F8HM)";
				COPY_PHASE_STRIP = YES;
				GCC_C_LANGUAGE_STANDARD = gnu99;
				GCC_WARN_ABOUT_RETURN_TYPE = YES;
				GCC_WARN_UNINITIALIZED_AUTOS = YES;
				GCC_WARN_UNUSED_VARIABLE = YES;
				IPHONEOS_DEPLOYMENT_TARGET = 6.1;
				OTHER_CFLAGS = "-DNS_BLOCK_ASSERTIONS=1";
				"PROVISIONING_PROFILE[sdk=iphoneos*]" = "49790FC2-C2CA-4278-805E-D9DAC2AA1125";
				SDKROOT = iphoneos;
				TARGETED_DEVICE_FAMILY = "1,2";
				VALIDATE_PRODUCT = YES;
			};
			name = Release;
		};
		9FA787C817CB6F5600F0BD40 /* Debug */ = {
			isa = XCBuildConfiguration;
			buildSettings = {
				ALWAYS_SEARCH_USER_PATHS = YES;
				ASSETCATALOG_COMPILER_APPICON_NAME = AppIcon;
				ASSETCATALOG_COMPILER_LAUNCHIMAGE_NAME = LaunchImage;
				CLANG_ENABLE_OBJC_ARC = YES;
				CODE_SIGN_IDENTITY = "iPhone Developer";
				"CODE_SIGN_IDENTITY[sdk=iphoneos*]" = "iPhone Developer";
				FRAMEWORK_SEARCH_PATHS = (
					"$(inherited)",
					"\"$(SRCROOT)/../../../software/opencvframework\"",
				);
				GCC_PRECOMPILE_PREFIX_HEADER = YES;
				GCC_PREFIX_HEADER = "VideoPlayRecord/VideoPlayRecord-Prefix.pch";
				HEADER_SEARCH_PATHS = (
					"$(SRCROOT)/include",
					"$(SRCROOT)/Library/openssl/build/openssl.build/openssl/include",
				);
				INFOPLIST_FILE = "VideoPlayRecord/VideoPlayRecord-Info.plist";
				LIBRARY_SEARCH_PATHS = (
					"$(inherited)",
					"$(SRCROOT)",
					"\\\"$(SRCROOT)/lib\\\"",
					/Users/valtechuk/pract/ios/VideoPlayRecord/lib,
				);
				New_Setting = "";
				OTHER_LDFLAGS = "-ObjC";
				PRODUCT_NAME = "$(TARGET_NAME)";
				PROVISIONING_PROFILE = "";
				"PROVISIONING_PROFILE[sdk=iphoneos*]" = "";
				PUBLIC_HEADERS_FOLDER_PATH = "include/$(TARGET_NAME)";
				"PUBLIC_HEADERS_FOLDER_PATH[sdk=*]" = "$(CONTENTS_FOLDER_PATH)/include";
				USER_HEADER_SEARCH_PATHS = "\"$(TARGET_BUILD_DIR)/usr/local/lib/include\" \"$(OBJROOT)/include\" $(SRCROOT)/include";
				WRAPPER_EXTENSION = app;
			};
			name = Debug;
		};
		9FA787C917CB6F5600F0BD40 /* Release */ = {
			isa = XCBuildConfiguration;
			buildSettings = {
				ALWAYS_SEARCH_USER_PATHS = YES;
				ASSETCATALOG_COMPILER_APPICON_NAME = AppIcon;
				ASSETCATALOG_COMPILER_LAUNCHIMAGE_NAME = LaunchImage;
				CLANG_ENABLE_OBJC_ARC = YES;
				CODE_SIGN_IDENTITY = "iPhone Developer";
				"CODE_SIGN_IDENTITY[sdk=iphoneos*]" = "iPhone Developer";
				FRAMEWORK_SEARCH_PATHS = (
					"$(inherited)",
					"\"$(SRCROOT)/../../../software/opencvframework\"",
				);
				GCC_PRECOMPILE_PREFIX_HEADER = YES;
				GCC_PREFIX_HEADER = "VideoPlayRecord/VideoPlayRecord-Prefix.pch";
				HEADER_SEARCH_PATHS = (
					"$(SRCROOT)/include",
					"$(SRCROOT)/Library/openssl/build/openssl.build/openssl/include",
				);
				INFOPLIST_FILE = "VideoPlayRecord/VideoPlayRecord-Info.plist";
				LIBRARY_SEARCH_PATHS = (
					"$(inherited)",
					"$(SRCROOT)",
					"\\\"$(SRCROOT)/lib\\\"",
					/Users/valtechuk/pract/ios/VideoPlayRecord/lib,
				);
				New_Setting = "";
				OTHER_LDFLAGS = "-ObjC";
				PRODUCT_NAME = "$(TARGET_NAME)";
				PROVISIONING_PROFILE = "";
				PUBLIC_HEADERS_FOLDER_PATH = "include/$(TARGET_NAME)";
				USER_HEADER_SEARCH_PATHS = "\"$(TARGET_BUILD_DIR)/usr/local/lib/include\" \"$(OBJROOT)/include\" $(SRCROOT)/include";
				WRAPPER_EXTENSION = app;
			};
			name = Release;
		};
/* End XCBuildConfiguration section */

/* Begin XCConfigurationList section */
		9F35E61D18082CB300AD4F79 /* Build configuration list for PBXNativeTarget "ThisIsWhatIamDoing" */ = {
			isa = XCConfigurationList;
			buildConfigurations = (
				9F35E61B18082CB200AD4F79 /* Debug */,
				9F35E61C18082CB200AD4F79 /* Release */,
			);
			defaultConfigurationIsVisible = 0;
			defaultConfigurationName = Release;
		};
		9FA7879C17CB6F5500F0BD40 /* Build configuration list for PBXProject "VideoPlayRecord" */ = {
			isa = XCConfigurationList;
			buildConfigurations = (
				9FA787C517CB6F5600F0BD40 /* Debug */,
				9FA787C617CB6F5600F0BD40 /* Release */,
			);
			defaultConfigurationIsVisible = 0;
			defaultConfigurationName = Release;
		};
		9FA787C717CB6F5600F0BD40 /* Build configuration list for PBXNativeTarget "VideoPlayRecord" */ = {
			isa = XCConfigurationList;
			buildConfigurations = (
				9FA787C817CB6F5600F0BD40 /* Debug */,
				9FA787C917CB6F5600F0BD40 /* Release */,
			);
			defaultConfigurationIsVisible = 0;
			defaultConfigurationName = Release;
		};
/* End XCConfigurationList section */

/* Begin XCVersionGroup section */
		9FB1B8EC1801685000E3ACBA /* WhatAmIdoing.xcdatamodeld */ = {
			isa = XCVersionGroup;
			children = (
				9FB1B8ED1801685000E3ACBA /* WhatAmIdoing.xcdatamodel */,
			);
			currentVersion = 9FB1B8ED1801685000E3ACBA /* WhatAmIdoing.xcdatamodel */;
			path = WhatAmIdoing.xcdatamodeld;
			sourceTree = "<group>";
			versionGroupType = wrapper.xcdatamodel;
		};
/* End XCVersionGroup section */
	};
	rootObject = 9FA7879917CB6F5500F0BD40 /* Project object */;
}
